// !$*UTF8*$!
{
	archiveVersion = 1;
	classes = {
	};
	objectVersion = 50;
	objects = {

/* Begin PBXBuildFile section */
		4737FFA26CD9FBFB21EE2873 /* Pods_TheMovieDB.framework in Frameworks */ = {isa = PBXBuildFile; fileRef = EC5AEAF79A16544D766A55CE /* Pods_TheMovieDB.framework */; };
		47942BEF21979F2500C47B86 /* AppDelegate.swift in Sources */ = {isa = PBXBuildFile; fileRef = 47942BEE21979F2500C47B86 /* AppDelegate.swift */; };
		47942BF121979F2500C47B86 /* MoviesViewController.swift in Sources */ = {isa = PBXBuildFile; fileRef = 47942BF021979F2500C47B86 /* MoviesViewController.swift */; };
		47942BF421979F2500C47B86 /* Main.storyboard in Resources */ = {isa = PBXBuildFile; fileRef = 47942BF221979F2500C47B86 /* Main.storyboard */; };
		47942BF921979F2600C47B86 /* LaunchScreen.storyboard in Resources */ = {isa = PBXBuildFile; fileRef = 47942BF721979F2600C47B86 /* LaunchScreen.storyboard */; };
		47942C0421979F2700C47B86 /* TheMovieDBTests.swift in Sources */ = {isa = PBXBuildFile; fileRef = 47942C0321979F2700C47B86 /* TheMovieDBTests.swift */; };
		47942C162197ABBE00C47B86 /* MoviesAPI.swift in Sources */ = {isa = PBXBuildFile; fileRef = 47942C152197ABBE00C47B86 /* MoviesAPI.swift */; };
		47942C192197ADB700C47B86 /* String+Extensions.swift in Sources */ = {isa = PBXBuildFile; fileRef = 47942C182197ADB700C47B86 /* String+Extensions.swift */; };
		47942C1B2197BABF00C47B86 /* Movie.swift in Sources */ = {isa = PBXBuildFile; fileRef = 47942C1A2197BABF00C47B86 /* Movie.swift */; };
		47942C1D2197C72300C47B86 /* MovieApiObject.swift in Sources */ = {isa = PBXBuildFile; fileRef = 47942C1C2197C72300C47B86 /* MovieApiObject.swift */; };
		47942C1F2197CA4300C47B86 /* Response.swift in Sources */ = {isa = PBXBuildFile; fileRef = 47942C1E2197CA4300C47B86 /* Response.swift */; };
		47942C212197CD7D00C47B86 /* MoviesAPI+Movies.swift in Sources */ = {isa = PBXBuildFile; fileRef = 47942C202197CD7D00C47B86 /* MoviesAPI+Movies.swift */; };
		47942C252197DB4700C47B86 /* UIStoryboard+Extensions.swift in Sources */ = {isa = PBXBuildFile; fileRef = 47942C242197DB4700C47B86 /* UIStoryboard+Extensions.swift */; };
		47942C2C2197E40B00C47B86 /* MovieCell.swift in Sources */ = {isa = PBXBuildFile; fileRef = 47942C2B2197E40B00C47B86 /* MovieCell.swift */; };
		47942C2E2197FDDE00C47B86 /* Assets.xcassets in Resources */ = {isa = PBXBuildFile; fileRef = 47942C2D2197FDDE00C47B86 /* Assets.xcassets */; };
		8BF3F79DF1912987810871B3 /* Pods_TheMovieDBTests.framework in Frameworks */ = {isa = PBXBuildFile; fileRef = 758EE777C63E69DF6DAAA292 /* Pods_TheMovieDBTests.framework */; };
/* End PBXBuildFile section */

/* Begin PBXContainerItemProxy section */
		47942C0021979F2700C47B86 /* PBXContainerItemProxy */ = {
			isa = PBXContainerItemProxy;
			containerPortal = 47942BE321979F2500C47B86 /* Project object */;
			proxyType = 1;
			remoteGlobalIDString = 47942BEA21979F2500C47B86;
			remoteInfo = TheMovieDB;
		};
/* End PBXContainerItemProxy section */

/* Begin PBXFileReference section */
		14347EC4B760F48A8C5FA42A /* Pods-TheMovieDBTests.release.xcconfig */ = {isa = PBXFileReference; includeInIndex = 1; lastKnownFileType = text.xcconfig; name = "Pods-TheMovieDBTests.release.xcconfig"; path = "Pods/Target Support Files/Pods-TheMovieDBTests/Pods-TheMovieDBTests.release.xcconfig"; sourceTree = "<group>"; };
		47942BEB21979F2500C47B86 /* TheMovieDB.app */ = {isa = PBXFileReference; explicitFileType = wrapper.application; includeInIndex = 0; path = TheMovieDB.app; sourceTree = BUILT_PRODUCTS_DIR; };
		47942BEE21979F2500C47B86 /* AppDelegate.swift */ = {isa = PBXFileReference; lastKnownFileType = sourcecode.swift; path = AppDelegate.swift; sourceTree = "<group>"; };
		47942BF021979F2500C47B86 /* MoviesViewController.swift */ = {isa = PBXFileReference; lastKnownFileType = sourcecode.swift; path = MoviesViewController.swift; sourceTree = "<group>"; };
		47942BF321979F2500C47B86 /* Base */ = {isa = PBXFileReference; lastKnownFileType = file.storyboard; name = Base; path = Base.lproj/Main.storyboard; sourceTree = "<group>"; };
		47942BF821979F2600C47B86 /* Base */ = {isa = PBXFileReference; lastKnownFileType = file.storyboard; name = Base; path = Base.lproj/LaunchScreen.storyboard; sourceTree = "<group>"; };
		47942BFA21979F2700C47B86 /* Info.plist */ = {isa = PBXFileReference; lastKnownFileType = text.plist.xml; path = Info.plist; sourceTree = "<group>"; };
		47942BFF21979F2700C47B86 /* TheMovieDBTests.xctest */ = {isa = PBXFileReference; explicitFileType = wrapper.cfbundle; includeInIndex = 0; path = TheMovieDBTests.xctest; sourceTree = BUILT_PRODUCTS_DIR; };
		47942C0321979F2700C47B86 /* TheMovieDBTests.swift */ = {isa = PBXFileReference; lastKnownFileType = sourcecode.swift; path = TheMovieDBTests.swift; sourceTree = "<group>"; };
		47942C0521979F2700C47B86 /* Info.plist */ = {isa = PBXFileReference; lastKnownFileType = text.plist.xml; path = Info.plist; sourceTree = "<group>"; };
		47942C152197ABBE00C47B86 /* MoviesAPI.swift */ = {isa = PBXFileReference; lastKnownFileType = sourcecode.swift; path = MoviesAPI.swift; sourceTree = "<group>"; };
		47942C182197ADB700C47B86 /* String+Extensions.swift */ = {isa = PBXFileReference; lastKnownFileType = sourcecode.swift; path = "String+Extensions.swift"; sourceTree = "<group>"; };
		47942C1A2197BABF00C47B86 /* Movie.swift */ = {isa = PBXFileReference; lastKnownFileType = sourcecode.swift; path = Movie.swift; sourceTree = "<group>"; };
		47942C1C2197C72300C47B86 /* MovieApiObject.swift */ = {isa = PBXFileReference; lastKnownFileType = sourcecode.swift; path = MovieApiObject.swift; sourceTree = "<group>"; };
		47942C1E2197CA4300C47B86 /* Response.swift */ = {isa = PBXFileReference; lastKnownFileType = sourcecode.swift; path = Response.swift; sourceTree = "<group>"; };
		47942C202197CD7D00C47B86 /* MoviesAPI+Movies.swift */ = {isa = PBXFileReference; lastKnownFileType = sourcecode.swift; path = "MoviesAPI+Movies.swift"; sourceTree = "<group>"; };
		47942C242197DB4700C47B86 /* UIStoryboard+Extensions.swift */ = {isa = PBXFileReference; lastKnownFileType = sourcecode.swift; path = "UIStoryboard+Extensions.swift"; sourceTree = "<group>"; };
		47942C2B2197E40B00C47B86 /* MovieCell.swift */ = {isa = PBXFileReference; lastKnownFileType = sourcecode.swift; path = MovieCell.swift; sourceTree = "<group>"; };
		47942C2D2197FDDE00C47B86 /* Assets.xcassets */ = {isa = PBXFileReference; lastKnownFileType = folder.assetcatalog; name = Assets.xcassets; path = "../../../../Library/Mobile Documents/com~apple~CloudDocs/Desktop/Assets.xcassets"; sourceTree = "<group>"; };
		758EE777C63E69DF6DAAA292 /* Pods_TheMovieDBTests.framework */ = {isa = PBXFileReference; explicitFileType = wrapper.framework; includeInIndex = 0; path = Pods_TheMovieDBTests.framework; sourceTree = BUILT_PRODUCTS_DIR; };
		B753334CC2DF37B083C989C5 /* Pods-TheMovieDB.release.xcconfig */ = {isa = PBXFileReference; includeInIndex = 1; lastKnownFileType = text.xcconfig; name = "Pods-TheMovieDB.release.xcconfig"; path = "Pods/Target Support Files/Pods-TheMovieDB/Pods-TheMovieDB.release.xcconfig"; sourceTree = "<group>"; };
		BE380B48AB77F99115D89C67 /* Pods-TheMovieDB.debug.xcconfig */ = {isa = PBXFileReference; includeInIndex = 1; lastKnownFileType = text.xcconfig; name = "Pods-TheMovieDB.debug.xcconfig"; path = "Pods/Target Support Files/Pods-TheMovieDB/Pods-TheMovieDB.debug.xcconfig"; sourceTree = "<group>"; };
		EC5AEAF79A16544D766A55CE /* Pods_TheMovieDB.framework */ = {isa = PBXFileReference; explicitFileType = wrapper.framework; includeInIndex = 0; path = Pods_TheMovieDB.framework; sourceTree = BUILT_PRODUCTS_DIR; };
		F0E2B4E2D7BA8C2CFA987E76 /* Pods-TheMovieDBTests.debug.xcconfig */ = {isa = PBXFileReference; includeInIndex = 1; lastKnownFileType = text.xcconfig; name = "Pods-TheMovieDBTests.debug.xcconfig"; path = "Pods/Target Support Files/Pods-TheMovieDBTests/Pods-TheMovieDBTests.debug.xcconfig"; sourceTree = "<group>"; };
/* End PBXFileReference section */

/* Begin PBXFrameworksBuildPhase section */
		47942BE821979F2500C47B86 /* Frameworks */ = {
			isa = PBXFrameworksBuildPhase;
			buildActionMask = 2147483647;
			files = (
				4737FFA26CD9FBFB21EE2873 /* Pods_TheMovieDB.framework in Frameworks */,
			);
			runOnlyForDeploymentPostprocessing = 0;
		};
		47942BFC21979F2700C47B86 /* Frameworks */ = {
			isa = PBXFrameworksBuildPhase;
			buildActionMask = 2147483647;
			files = (
				8BF3F79DF1912987810871B3 /* Pods_TheMovieDBTests.framework in Frameworks */,
			);
			runOnlyForDeploymentPostprocessing = 0;
		};
/* End PBXFrameworksBuildPhase section */

/* Begin PBXGroup section */
		47942BE221979F2500C47B86 = {
			isa = PBXGroup;
			children = (
				47942BED21979F2500C47B86 /* TheMovieDB */,
				47942C0221979F2700C47B86 /* TheMovieDBTests */,
				47942BEC21979F2500C47B86 /* Products */,
				AB7EB874773C8D86D1E46706 /* Pods */,
				A82E0913B34415AA0C7AE389 /* Frameworks */,
			);
			sourceTree = "<group>";
		};
		47942BEC21979F2500C47B86 /* Products */ = {
			isa = PBXGroup;
			children = (
				47942BEB21979F2500C47B86 /* TheMovieDB.app */,
				47942BFF21979F2700C47B86 /* TheMovieDBTests.xctest */,
			);
			name = Products;
			sourceTree = "<group>";
		};
		47942BED21979F2500C47B86 /* TheMovieDB */ = {
			isa = PBXGroup;
			children = (
				47942C122197A49000C47B86 /* Application */,
				47942C102197A3C500C47B86 /* Controllers */,
				47942C2A2197E3F400C47B86 /* Views */,
				47942C112197A3CF00C47B86 /* Models */,
				47942C132197A98100C47B86 /* Services */,
				47942C172197ADA100C47B86 /* Utils */,
			);
			path = TheMovieDB;
			sourceTree = "<group>";
		};
		47942C0221979F2700C47B86 /* TheMovieDBTests */ = {
			isa = PBXGroup;
			children = (
				47942C0321979F2700C47B86 /* TheMovieDBTests.swift */,
				47942C0521979F2700C47B86 /* Info.plist */,
			);
			path = TheMovieDBTests;
			sourceTree = "<group>";
		};
		47942C102197A3C500C47B86 /* Controllers */ = {
			isa = PBXGroup;
			children = (
				47942BF021979F2500C47B86 /* MoviesViewController.swift */,
			);
			path = Controllers;
			sourceTree = "<group>";
		};
		47942C112197A3CF00C47B86 /* Models */ = {
			isa = PBXGroup;
			children = (
				47942C1C2197C72300C47B86 /* MovieApiObject.swift */,
				47942C1A2197BABF00C47B86 /* Movie.swift */,
			);
			path = Models;
			sourceTree = "<group>";
		};
		47942C122197A49000C47B86 /* Application */ = {
			isa = PBXGroup;
			children = (
				47942BF221979F2500C47B86 /* Main.storyboard */,
				47942BF721979F2600C47B86 /* LaunchScreen.storyboard */,
				47942C2D2197FDDE00C47B86 /* Assets.xcassets */,
				47942BEE21979F2500C47B86 /* AppDelegate.swift */,
				47942BFA21979F2700C47B86 /* Info.plist */,
			);
			path = Application;
			sourceTree = "<group>";
		};
		47942C132197A98100C47B86 /* Services */ = {
			isa = PBXGroup;
			children = (
				47942C142197A9D500C47B86 /* TheMovieDB Api */,
			);
			path = Services;
			sourceTree = "<group>";
		};
		47942C142197A9D500C47B86 /* TheMovieDB Api */ = {
			isa = PBXGroup;
			children = (
				47942C152197ABBE00C47B86 /* MoviesAPI.swift */,
				47942C1E2197CA4300C47B86 /* Response.swift */,
				47942C202197CD7D00C47B86 /* MoviesAPI+Movies.swift */,
			);
			path = "TheMovieDB Api";
			sourceTree = "<group>";
		};
		47942C172197ADA100C47B86 /* Utils */ = {
			isa = PBXGroup;
			children = (
				47942C182197ADB700C47B86 /* String+Extensions.swift */,
				47942C242197DB4700C47B86 /* UIStoryboard+Extensions.swift */,
			);
			path = Utils;
			sourceTree = "<group>";
		};
		47942C2A2197E3F400C47B86 /* Views */ = {
			isa = PBXGroup;
			children = (
				47942C2B2197E40B00C47B86 /* MovieCell.swift */,
			);
			path = Views;
			sourceTree = "<group>";
		};
		A82E0913B34415AA0C7AE389 /* Frameworks */ = {
			isa = PBXGroup;
			children = (
				EC5AEAF79A16544D766A55CE /* Pods_TheMovieDB.framework */,
				758EE777C63E69DF6DAAA292 /* Pods_TheMovieDBTests.framework */,
			);
			name = Frameworks;
			sourceTree = "<group>";
		};
		AB7EB874773C8D86D1E46706 /* Pods */ = {
			isa = PBXGroup;
			children = (
				BE380B48AB77F99115D89C67 /* Pods-TheMovieDB.debug.xcconfig */,
				B753334CC2DF37B083C989C5 /* Pods-TheMovieDB.release.xcconfig */,
				F0E2B4E2D7BA8C2CFA987E76 /* Pods-TheMovieDBTests.debug.xcconfig */,
				14347EC4B760F48A8C5FA42A /* Pods-TheMovieDBTests.release.xcconfig */,
			);
			name = Pods;
			sourceTree = "<group>";
		};
/* End PBXGroup section */

/* Begin PBXNativeTarget section */
		47942BEA21979F2500C47B86 /* TheMovieDB */ = {
			isa = PBXNativeTarget;
			buildConfigurationList = 47942C0821979F2700C47B86 /* Build configuration list for PBXNativeTarget "TheMovieDB" */;
			buildPhases = (
				7A807944E465CBB01F831CEE /* [CP] Check Pods Manifest.lock */,
				47942BE721979F2500C47B86 /* Sources */,
				47942BE821979F2500C47B86 /* Frameworks */,
				47942BE921979F2500C47B86 /* Resources */,
				1E3D59BD077B6CCBFB2E14FD /* [CP] Embed Pods Frameworks */,
			);
			buildRules = (
			);
			dependencies = (
			);
			name = TheMovieDB;
			productName = TheMovieDB;
			productReference = 47942BEB21979F2500C47B86 /* TheMovieDB.app */;
			productType = "com.apple.product-type.application";
		};
		47942BFE21979F2700C47B86 /* TheMovieDBTests */ = {
			isa = PBXNativeTarget;
			buildConfigurationList = 47942C0B21979F2700C47B86 /* Build configuration list for PBXNativeTarget "TheMovieDBTests" */;
			buildPhases = (
				3DFCD1EA60041B8279F6F7D3 /* [CP] Check Pods Manifest.lock */,
				47942BFB21979F2700C47B86 /* Sources */,
				47942BFC21979F2700C47B86 /* Frameworks */,
				47942BFD21979F2700C47B86 /* Resources */,
			);
			buildRules = (
			);
			dependencies = (
				47942C0121979F2700C47B86 /* PBXTargetDependency */,
			);
			name = TheMovieDBTests;
			productName = TheMovieDBTests;
			productReference = 47942BFF21979F2700C47B86 /* TheMovieDBTests.xctest */;
			productType = "com.apple.product-type.bundle.unit-test";
		};
/* End PBXNativeTarget section */

/* Begin PBXProject section */
		47942BE321979F2500C47B86 /* Project object */ = {
			isa = PBXProject;
			attributes = {
				LastSwiftUpdateCheck = 1010;
				LastUpgradeCheck = 1010;
				ORGANIZATIONNAME = gabreho;
				TargetAttributes = {
					47942BEA21979F2500C47B86 = {
						CreatedOnToolsVersion = 10.1;
					};
					47942BFE21979F2700C47B86 = {
						CreatedOnToolsVersion = 10.1;
						TestTargetID = 47942BEA21979F2500C47B86;
					};
				};
			};
			buildConfigurationList = 47942BE621979F2500C47B86 /* Build configuration list for PBXProject "TheMovieDB" */;
			compatibilityVersion = "Xcode 9.3";
			developmentRegion = en;
			hasScannedForEncodings = 0;
			knownRegions = (
				en,
				Base,
			);
			mainGroup = 47942BE221979F2500C47B86;
			productRefGroup = 47942BEC21979F2500C47B86 /* Products */;
			projectDirPath = "";
			projectRoot = "";
			targets = (
				47942BEA21979F2500C47B86 /* TheMovieDB */,
				47942BFE21979F2700C47B86 /* TheMovieDBTests */,
			);
		};
/* End PBXProject section */

/* Begin PBXResourcesBuildPhase section */
		47942BE921979F2500C47B86 /* Resources */ = {
			isa = PBXResourcesBuildPhase;
			buildActionMask = 2147483647;
			files = (
				47942BF921979F2600C47B86 /* LaunchScreen.storyboard in Resources */,
				47942C2E2197FDDE00C47B86 /* Assets.xcassets in Resources */,
				47942BF421979F2500C47B86 /* Main.storyboard in Resources */,
			);
			runOnlyForDeploymentPostprocessing = 0;
		};
		47942BFD21979F2700C47B86 /* Resources */ = {
			isa = PBXResourcesBuildPhase;
			buildActionMask = 2147483647;
			files = (
			);
			runOnlyForDeploymentPostprocessing = 0;
		};
/* End PBXResourcesBuildPhase section */

/* Begin PBXShellScriptBuildPhase section */
		1E3D59BD077B6CCBFB2E14FD /* [CP] Embed Pods Frameworks */ = {
			isa = PBXShellScriptBuildPhase;
			buildActionMask = 2147483647;
			files = (
			);
			inputPaths = (
				"${SRCROOT}/Pods/Target Support Files/Pods-TheMovieDB/Pods-TheMovieDB-frameworks.sh",
				"${BUILT_PRODUCTS_DIR}/Alamofire/Alamofire.framework",
				"${BUILT_PRODUCTS_DIR}/MBProgressHUD/MBProgressHUD.framework",
				"${BUILT_PRODUCTS_DIR}/Realm/Realm.framework",
				"${BUILT_PRODUCTS_DIR}/RealmSwift/RealmSwift.framework",
				"${BUILT_PRODUCTS_DIR}/SDWebImage/SDWebImage.framework",
				"${BUILT_PRODUCTS_DIR}/SwiftyJSON/SwiftyJSON.framework",
			);
			name = "[CP] Embed Pods Frameworks";
			outputPaths = (
				"${TARGET_BUILD_DIR}/${FRAMEWORKS_FOLDER_PATH}/Alamofire.framework",
				"${TARGET_BUILD_DIR}/${FRAMEWORKS_FOLDER_PATH}/MBProgressHUD.framework",
				"${TARGET_BUILD_DIR}/${FRAMEWORKS_FOLDER_PATH}/Realm.framework",
				"${TARGET_BUILD_DIR}/${FRAMEWORKS_FOLDER_PATH}/RealmSwift.framework",
				"${TARGET_BUILD_DIR}/${FRAMEWORKS_FOLDER_PATH}/SDWebImage.framework",
				"${TARGET_BUILD_DIR}/${FRAMEWORKS_FOLDER_PATH}/SwiftyJSON.framework",
			);
			runOnlyForDeploymentPostprocessing = 0;
			shellPath = /bin/sh;
			shellScript = "\"${SRCROOT}/Pods/Target Support Files/Pods-TheMovieDB/Pods-TheMovieDB-frameworks.sh\"\n";
			showEnvVarsInLog = 0;
		};
		3DFCD1EA60041B8279F6F7D3 /* [CP] Check Pods Manifest.lock */ = {
			isa = PBXShellScriptBuildPhase;
			buildActionMask = 2147483647;
			files = (
			);
			inputPaths = (
				"${PODS_PODFILE_DIR_PATH}/Podfile.lock",
				"${PODS_ROOT}/Manifest.lock",
			);
			name = "[CP] Check Pods Manifest.lock";
			outputPaths = (
				"$(DERIVED_FILE_DIR)/Pods-TheMovieDBTests-checkManifestLockResult.txt",
			);
			runOnlyForDeploymentPostprocessing = 0;
			shellPath = /bin/sh;
			shellScript = "diff \"${PODS_PODFILE_DIR_PATH}/Podfile.lock\" \"${PODS_ROOT}/Manifest.lock\" > /dev/null\nif [ $? != 0 ] ; then\n    # print error to STDERR\n    echo \"error: The sandbox is not in sync with the Podfile.lock. Run 'pod install' or update your CocoaPods installation.\" >&2\n    exit 1\nfi\n# This output is used by Xcode 'outputs' to avoid re-running this script phase.\necho \"SUCCESS\" > \"${SCRIPT_OUTPUT_FILE_0}\"\n";
			showEnvVarsInLog = 0;
		};
		7A807944E465CBB01F831CEE /* [CP] Check Pods Manifest.lock */ = {
			isa = PBXShellScriptBuildPhase;
			buildActionMask = 2147483647;
			files = (
			);
			inputPaths = (
				"${PODS_PODFILE_DIR_PATH}/Podfile.lock",
				"${PODS_ROOT}/Manifest.lock",
			);
			name = "[CP] Check Pods Manifest.lock";
			outputPaths = (
				"$(DERIVED_FILE_DIR)/Pods-TheMovieDB-checkManifestLockResult.txt",
			);
			runOnlyForDeploymentPostprocessing = 0;
			shellPath = /bin/sh;
			shellScript = "diff \"${PODS_PODFILE_DIR_PATH}/Podfile.lock\" \"${PODS_ROOT}/Manifest.lock\" > /dev/null\nif [ $? != 0 ] ; then\n    # print error to STDERR\n    echo \"error: The sandbox is not in sync with the Podfile.lock. Run 'pod install' or update your CocoaPods installation.\" >&2\n    exit 1\nfi\n# This output is used by Xcode 'outputs' to avoid re-running this script phase.\necho \"SUCCESS\" > \"${SCRIPT_OUTPUT_FILE_0}\"\n";
			showEnvVarsInLog = 0;
		};
/* End PBXShellScriptBuildPhase section */

/* Begin PBXSourcesBuildPhase section */
		47942BE721979F2500C47B86 /* Sources */ = {
			isa = PBXSourcesBuildPhase;
			buildActionMask = 2147483647;
			files = (
				47942C192197ADB700C47B86 /* String+Extensions.swift in Sources */,
				47942BF121979F2500C47B86 /* MoviesViewController.swift in Sources */,
				47942C252197DB4700C47B86 /* UIStoryboard+Extensions.swift in Sources */,
				47942BEF21979F2500C47B86 /* AppDelegate.swift in Sources */,
				47942C212197CD7D00C47B86 /* MoviesAPI+Movies.swift in Sources */,
				47942C162197ABBE00C47B86 /* MoviesAPI.swift in Sources */,
				47942C1D2197C72300C47B86 /* MovieApiObject.swift in Sources */,
				47942C1B2197BABF00C47B86 /* Movie.swift in Sources */,
				47942C2C2197E40B00C47B86 /* MovieCell.swift in Sources */,
				47942C1F2197CA4300C47B86 /* Response.swift in Sources */,
			);
			runOnlyForDeploymentPostprocessing = 0;
		};
		47942BFB21979F2700C47B86 /* Sources */ = {
			isa = PBXSourcesBuildPhase;
			buildActionMask = 2147483647;
			files = (
				47942C0421979F2700C47B86 /* TheMovieDBTests.swift in Sources */,
			);
			runOnlyForDeploymentPostprocessing = 0;
		};
/* End PBXSourcesBuildPhase section */

/* Begin PBXTargetDependency section */
		47942C0121979F2700C47B86 /* PBXTargetDependency */ = {
			isa = PBXTargetDependency;
			target = 47942BEA21979F2500C47B86 /* TheMovieDB */;
			targetProxy = 47942C0021979F2700C47B86 /* PBXContainerItemProxy */;
		};
/* End PBXTargetDependency section */

/* Begin PBXVariantGroup section */
		47942BF221979F2500C47B86 /* Main.storyboard */ = {
			isa = PBXVariantGroup;
			children = (
				47942BF321979F2500C47B86 /* Base */,
			);
			name = Main.storyboard;
			sourceTree = "<group>";
		};
		47942BF721979F2600C47B86 /* LaunchScreen.storyboard */ = {
			isa = PBXVariantGroup;
			children = (
				47942BF821979F2600C47B86 /* Base */,
			);
			name = LaunchScreen.storyboard;
			sourceTree = "<group>";
		};
/* End PBXVariantGroup section */

/* Begin XCBuildConfiguration section */
		47942C0621979F2700C47B86 /* Debug */ = {
			isa = XCBuildConfiguration;
			buildSettings = {
				ALWAYS_SEARCH_USER_PATHS = NO;
				CLANG_ANALYZER_NONNULL = YES;
				CLANG_ANALYZER_NUMBER_OBJECT_CONVERSION = YES_AGGRESSIVE;
				CLANG_CXX_LANGUAGE_STANDARD = "gnu++14";
				CLANG_CXX_LIBRARY = "libc++";
				CLANG_ENABLE_MODULES = YES;
				CLANG_ENABLE_OBJC_ARC = YES;
				CLANG_ENABLE_OBJC_WEAK = YES;
				CLANG_WARN_BLOCK_CAPTURE_AUTORELEASING = YES;
				CLANG_WARN_BOOL_CONVERSION = YES;
				CLANG_WARN_COMMA = YES;
				CLANG_WARN_CONSTANT_CONVERSION = YES;
				CLANG_WARN_DEPRECATED_OBJC_IMPLEMENTATIONS = YES;
				CLANG_WARN_DIRECT_OBJC_ISA_USAGE = YES_ERROR;
				CLANG_WARN_DOCUMENTATION_COMMENTS = YES;
				CLANG_WARN_EMPTY_BODY = YES;
				CLANG_WARN_ENUM_CONVERSION = YES;
				CLANG_WARN_INFINITE_RECURSION = YES;
				CLANG_WARN_INT_CONVERSION = YES;
				CLANG_WARN_NON_LITERAL_NULL_CONVERSION = YES;
				CLANG_WARN_OBJC_IMPLICIT_RETAIN_SELF = YES;
				CLANG_WARN_OBJC_LITERAL_CONVERSION = YES;
				CLANG_WARN_OBJC_ROOT_CLASS = YES_ERROR;
				CLANG_WARN_RANGE_LOOP_ANALYSIS = YES;
				CLANG_WARN_STRICT_PROTOTYPES = YES;
				CLANG_WARN_SUSPICIOUS_MOVE = YES;
				CLANG_WARN_UNGUARDED_AVAILABILITY = YES_AGGRESSIVE;
				CLANG_WARN_UNREACHABLE_CODE = YES;
				CLANG_WARN__DUPLICATE_METHOD_MATCH = YES;
				CODE_SIGN_IDENTITY = "iPhone Developer";
				COPY_PHASE_STRIP = NO;
				DEBUG_INFORMATION_FORMAT = dwarf;
				ENABLE_STRICT_OBJC_MSGSEND = YES;
				ENABLE_TESTABILITY = YES;
				GCC_C_LANGUAGE_STANDARD = gnu11;
				GCC_DYNAMIC_NO_PIC = NO;
				GCC_NO_COMMON_BLOCKS = YES;
				GCC_OPTIMIZATION_LEVEL = 0;
				GCC_PREPROCESSOR_DEFINITIONS = (
					"DEBUG=1",
					"$(inherited)",
				);
				GCC_WARN_64_TO_32_BIT_CONVERSION = YES;
				GCC_WARN_ABOUT_RETURN_TYPE = YES_ERROR;
				GCC_WARN_UNDECLARED_SELECTOR = YES;
				GCC_WARN_UNINITIALIZED_AUTOS = YES_AGGRESSIVE;
				GCC_WARN_UNUSED_FUNCTION = YES;
				GCC_WARN_UNUSED_VARIABLE = YES;
				IPHONEOS_DEPLOYMENT_TARGET = 12.1;
				MTL_ENABLE_DEBUG_INFO = INCLUDE_SOURCE;
				MTL_FAST_MATH = YES;
				ONLY_ACTIVE_ARCH = YES;
				SDKROOT = iphoneos;
				SWIFT_ACTIVE_COMPILATION_CONDITIONS = DEBUG;
				SWIFT_OPTIMIZATION_LEVEL = "-Onone";
			};
			name = Debug;
		};
		47942C0721979F2700C47B86 /* Release */ = {
			isa = XCBuildConfiguration;
			buildSettings = {
				ALWAYS_SEARCH_USER_PATHS = NO;
				CLANG_ANALYZER_NONNULL = YES;
				CLANG_ANALYZER_NUMBER_OBJECT_CONVERSION = YES_AGGRESSIVE;
				CLANG_CXX_LANGUAGE_STANDARD = "gnu++14";
				CLANG_CXX_LIBRARY = "libc++";
				CLANG_ENABLE_MODULES = YES;
				CLANG_ENABLE_OBJC_ARC = YES;
				CLANG_ENABLE_OBJC_WEAK = YES;
				CLANG_WARN_BLOCK_CAPTURE_AUTORELEASING = YES;
				CLANG_WARN_BOOL_CONVERSION = YES;
				CLANG_WARN_COMMA = YES;
				CLANG_WARN_CONSTANT_CONVERSION = YES;
				CLANG_WARN_DEPRECATED_OBJC_IMPLEMENTATIONS = YES;
				CLANG_WARN_DIRECT_OBJC_ISA_USAGE = YES_ERROR;
				CLANG_WARN_DOCUMENTATION_COMMENTS = YES;
				CLANG_WARN_EMPTY_BODY = YES;
				CLANG_WARN_ENUM_CONVERSION = YES;
				CLANG_WARN_INFINITE_RECURSION = YES;
				CLANG_WARN_INT_CONVERSION = YES;
				CLANG_WARN_NON_LITERAL_NULL_CONVERSION = YES;
				CLANG_WARN_OBJC_IMPLICIT_RETAIN_SELF = YES;
				CLANG_WARN_OBJC_LITERAL_CONVERSION = YES;
				CLANG_WARN_OBJC_ROOT_CLASS = YES_ERROR;
				CLANG_WARN_RANGE_LOOP_ANALYSIS = YES;
				CLANG_WARN_STRICT_PROTOTYPES = YES;
				CLANG_WARN_SUSPICIOUS_MOVE = YES;
				CLANG_WARN_UNGUARDED_AVAILABILITY = YES_AGGRESSIVE;
				CLANG_WARN_UNREACHABLE_CODE = YES;
				CLANG_WARN__DUPLICATE_METHOD_MATCH = YES;
				CODE_SIGN_IDENTITY = "iPhone Developer";
				COPY_PHASE_STRIP = NO;
				DEBUG_INFORMATION_FORMAT = "dwarf-with-dsym";
				ENABLE_NS_ASSERTIONS = NO;
				ENABLE_STRICT_OBJC_MSGSEND = YES;
				GCC_C_LANGUAGE_STANDARD = gnu11;
				GCC_NO_COMMON_BLOCKS = YES;
				GCC_WARN_64_TO_32_BIT_CONVERSION = YES;
				GCC_WARN_ABOUT_RETURN_TYPE = YES_ERROR;
				GCC_WARN_UNDECLARED_SELECTOR = YES;
				GCC_WARN_UNINITIALIZED_AUTOS = YES_AGGRESSIVE;
				GCC_WARN_UNUSED_FUNCTION = YES;
				GCC_WARN_UNUSED_VARIABLE = YES;
				IPHONEOS_DEPLOYMENT_TARGET = 12.1;
				MTL_ENABLE_DEBUG_INFO = NO;
				MTL_FAST_MATH = YES;
				SDKROOT = iphoneos;
				SWIFT_COMPILATION_MODE = wholemodule;
				SWIFT_OPTIMIZATION_LEVEL = "-O";
				VALIDATE_PRODUCT = YES;
			};
			name = Release;
		};
		47942C0921979F2700C47B86 /* Debug */ = {
			isa = XCBuildConfiguration;
			baseConfigurationReference = BE380B48AB77F99115D89C67 /* Pods-TheMovieDB.debug.xcconfig */;
			buildSettings = {
				ASSETCATALOG_COMPILER_APPICON_NAME = AppIcon;
				CODE_SIGN_STYLE = Automatic;
				DEVELOPMENT_TEAM = 2V6B3YP9C8;
				INFOPLIST_FILE = TheMovieDB/Application/Info.plist;
				LD_RUNPATH_SEARCH_PATHS = (
					"$(inherited)",
					"@executable_path/Frameworks",
				);
				PRODUCT_BUNDLE_IDENTIFIER = com.gabreho.TheMovieDB;
				PRODUCT_NAME = "$(TARGET_NAME)";
				SWIFT_VERSION = 4.2;
				TARGETED_DEVICE_FAMILY = "1,2";
			};
			name = Debug;
		};
		47942C0A21979F2700C47B86 /* Release */ = {
			isa = XCBuildConfiguration;
			baseConfigurationReference = B753334CC2DF37B083C989C5 /* Pods-TheMovieDB.release.xcconfig */;
			buildSettings = {
				ASSETCATALOG_COMPILER_APPICON_NAME = AppIcon;
				CODE_SIGN_STYLE = Automatic;
				DEVELOPMENT_TEAM = 2V6B3YP9C8;
				INFOPLIST_FILE = TheMovieDB/Application/Info.plist;
				LD_RUNPATH_SEARCH_PATHS = (
					"$(inherited)",
					"@executable_path/Frameworks",
				);
				PRODUCT_BUNDLE_IDENTIFIER = com.gabreho.TheMovieDB;
				PRODUCT_NAME = "$(TARGET_NAME)";
				SWIFT_VERSION = 4.2;
				TARGETED_DEVICE_FAMILY = "1,2";
			};
			name = Release;
		};
		47942C0C21979F2700C47B86 /* Debug */ = {
			isa = XCBuildConfiguration;
			baseConfigurationReference = F0E2B4E2D7BA8C2CFA987E76 /* Pods-TheMovieDBTests.debug.xcconfig */;
			buildSettings = {
				ALWAYS_EMBED_SWIFT_STANDARD_LIBRARIES = YES;
				BUNDLE_LOADER = "$(TEST_HOST)";
				CODE_SIGN_STYLE = Automatic;
				DEVELOPMENT_TEAM = 2V6B3YP9C8;
				INFOPLIST_FILE = TheMovieDBTests/Info.plist;
				LD_RUNPATH_SEARCH_PATHS = (
					"$(inherited)",
					"@executable_path/Frameworks",
					"@loader_path/Frameworks",
				);
				PRODUCT_BUNDLE_IDENTIFIER = com.gabreho.TheMovieDBTests;
				PRODUCT_NAME = "$(TARGET_NAME)";
				SWIFT_VERSION = 4.2;
				TARGETED_DEVICE_FAMILY = "1,2";
				TEST_HOST = "$(BUILT_PRODUCTS_DIR)/TheMovieDB.app/TheMovieDB";
			};
			name = Debug;
		};
		47942C0D21979F2700C47B86 /* Release */ = {
			isa = XCBuildConfiguration;
			baseConfigurationReference = 14347EC4B760F48A8C5FA42A /* Pods-TheMovieDBTests.release.xcconfig */;
			buildSettings = {
				ALWAYS_EMBED_SWIFT_STANDARD_LIBRARIES = YES;
				BUNDLE_LOADER = "$(TEST_HOST)";
				CODE_SIGN_STYLE = Automatic;
				DEVELOPMENT_TEAM = 2V6B3YP9C8;
				INFOPLIST_FILE = TheMovieDBTests/Info.plist;
				LD_RUNPATH_SEARCH_PATHS = (
					"$(inherited)",
					"@executable_path/Frameworks",
					"@loader_path/Frameworks",
				);
				PRODUCT_BUNDLE_IDENTIFIER = com.gabreho.TheMovieDBTests;
				PRODUCT_NAME = "$(TARGET_NAME)";
				SWIFT_VERSION = 4.2;
				TARGETED_DEVICE_FAMILY = "1,2";
				TEST_HOST = "$(BUILT_PRODUCTS_DIR)/TheMovieDB.app/TheMovieDB";
			};
			name = Release;
		};
/* End XCBuildConfiguration section */

/* Begin XCConfigurationList section */
		47942BE621979F2500C47B86 /* Build configuration list for PBXProject "TheMovieDB" */ = {
			isa = XCConfigurationList;
			buildConfigurations = (
				47942C0621979F2700C47B86 /* Debug */,
				47942C0721979F2700C47B86 /* Release */,
			);
			defaultConfigurationIsVisible = 0;
			defaultConfigurationName = Release;
		};
		47942C0821979F2700C47B86 /* Build configuration list for PBXNativeTarget "TheMovieDB" */ = {
			isa = XCConfigurationList;
			buildConfigurations = (
				47942C0921979F2700C47B86 /* Debug */,
				47942C0A21979F2700C47B86 /* Release */,
			);
			defaultConfigurationIsVisible = 0;
			defaultConfigurationName = Release;
		};
		47942C0B21979F2700C47B86 /* Build configuration list for PBXNativeTarget "TheMovieDBTests" */ = {
			isa = XCConfigurationList;
			buildConfigurations = (
				47942C0C21979F2700C47B86 /* Debug */,
				47942C0D21979F2700C47B86 /* Release */,
			);
			defaultConfigurationIsVisible = 0;
			defaultConfigurationName = Release;
		};
/* End XCConfigurationList section */
	};
	rootObject = 47942BE321979F2500C47B86 /* Project object */;
}
